// !$*UTF8*$!
{
	archiveVersion = 1;
	classes = {
	};
	objectVersion = 46;
	objects = {

/* Begin PBXBuildFile section */
		6EA3B26B17CE38E600E1A5C1 /* UIKit.framework in Frameworks */ = {isa = PBXBuildFile; fileRef = 6EA3B26A17CE38E600E1A5C1 /* UIKit.framework */; };
		6EA3B26D17CE38E600E1A5C1 /* Foundation.framework in Frameworks */ = {isa = PBXBuildFile; fileRef = 6EA3B26C17CE38E600E1A5C1 /* Foundation.framework */; };
		6EA3B26F17CE38E600E1A5C1 /* CoreGraphics.framework in Frameworks */ = {isa = PBXBuildFile; fileRef = 6EA3B26E17CE38E600E1A5C1 /* CoreGraphics.framework */; };
		6EA3B27517CE38E600E1A5C1 /* InfoPlist.strings in Resources */ = {isa = PBXBuildFile; fileRef = 6EA3B27317CE38E600E1A5C1 /* InfoPlist.strings */; };
		6EA3B27717CE38E600E1A5C1 /* main.m in Sources */ = {isa = PBXBuildFile; fileRef = 6EA3B27617CE38E600E1A5C1 /* main.m */; };
		6EA3B27B17CE38E600E1A5C1 /* CardAppAppDelegate.m in Sources */ = {isa = PBXBuildFile; fileRef = 6EA3B27A17CE38E600E1A5C1 /* CardAppAppDelegate.m */; };
		6EA3B27D17CE38E600E1A5C1 /* Default.png in Resources */ = {isa = PBXBuildFile; fileRef = 6EA3B27C17CE38E600E1A5C1 /* Default.png */; };
		6EA3B27F17CE38E600E1A5C1 /* Default@2x.png in Resources */ = {isa = PBXBuildFile; fileRef = 6EA3B27E17CE38E600E1A5C1 /* Default@2x.png */; };
		6EA3B28117CE38E600E1A5C1 /* Default-568h@2x.png in Resources */ = {isa = PBXBuildFile; fileRef = 6EA3B28017CE38E600E1A5C1 /* Default-568h@2x.png */; };
		6EA3B28417CE38E600E1A5C1 /* MainStoryboard.storyboard in Resources */ = {isa = PBXBuildFile; fileRef = 6EA3B28217CE38E600E1A5C1 /* MainStoryboard.storyboard */; };
		6EA3B28717CE38E600E1A5C1 /* CardAppViewController.m in Sources */ = {isa = PBXBuildFile; fileRef = 6EA3B28617CE38E600E1A5C1 /* CardAppViewController.m */; };
/* End PBXBuildFile section */

/* Begin PBXFileReference section */
		6EA3B26717CE38E600E1A5C1 /* CardApp.app */ = {isa = PBXFileReference; explicitFileType = wrapper.application; includeInIndex = 0; path = CardApp.app; sourceTree = BUILT_PRODUCTS_DIR; };
		6EA3B26A17CE38E600E1A5C1 /* UIKit.framework */ = {isa = PBXFileReference; lastKnownFileType = wrapper.framework; name = UIKit.framework; path = System/Library/Frameworks/UIKit.framework; sourceTree = SDKROOT; };
		6EA3B26C17CE38E600E1A5C1 /* Foundation.framework */ = {isa = PBXFileReference; lastKnownFileType = wrapper.framework; name = Foundation.framework; path = System/Library/Frameworks/Foundation.framework; sourceTree = SDKROOT; };
		6EA3B26E17CE38E600E1A5C1 /* CoreGraphics.framework */ = {isa = PBXFileReference; lastKnownFileType = wrapper.framework; name = CoreGraphics.framework; path = System/Library/Frameworks/CoreGraphics.framework; sourceTree = SDKROOT; };
		6EA3B27217CE38E600E1A5C1 /* CardApp-Info.plist */ = {isa = PBXFileReference; lastKnownFileType = text.plist.xml; path = "CardApp-Info.plist"; sourceTree = "<group>"; };
		6EA3B27417CE38E600E1A5C1 /* en */ = {isa = PBXFileReference; lastKnownFileType = text.plist.strings; name = en; path = en.lproj/InfoPlist.strings; sourceTree = "<group>"; };
		6EA3B27617CE38E600E1A5C1 /* main.m */ = {isa = PBXFileReference; lastKnownFileType = sourcecode.c.objc; path = main.m; sourceTree = "<group>"; };
		6EA3B27817CE38E600E1A5C1 /* CardApp-Prefix.pch */ = {isa = PBXFileReference; lastKnownFileType = sourcecode.c.h; path = "CardApp-Prefix.pch"; sourceTree = "<group>"; };
		6EA3B27917CE38E600E1A5C1 /* CardAppAppDelegate.h */ = {isa = PBXFileReference; lastKnownFileType = sourcecode.c.h; path = CardAppAppDelegate.h; sourceTree = "<group>"; };
		6EA3B27A17CE38E600E1A5C1 /* CardAppAppDelegate.m */ = {isa = PBXFileReference; lastKnownFileType = sourcecode.c.objc; path = CardAppAppDelegate.m; sourceTree = "<group>"; };
		6EA3B27C17CE38E600E1A5C1 /* Default.png */ = {isa = PBXFileReference; lastKnownFileType = image.png; path = Default.png; sourceTree = "<group>"; };
		6EA3B27E17CE38E600E1A5C1 /* Default@2x.png */ = {isa = PBXFileReference; lastKnownFileType = image.png; path = "Default@2x.png"; sourceTree = "<group>"; };
		6EA3B28017CE38E600E1A5C1 /* Default-568h@2x.png */ = {isa = PBXFileReference; lastKnownFileType = image.png; path = "Default-568h@2x.png"; sourceTree = "<group>"; };
		6EA3B28317CE38E600E1A5C1 /* en */ = {isa = PBXFileReference; lastKnownFileType = file.storyboard; name = en; path = en.lproj/MainStoryboard.storyboard; sourceTree = "<group>"; };
		6EA3B28517CE38E600E1A5C1 /* CardAppViewController.h */ = {isa = PBXFileReference; lastKnownFileType = sourcecode.c.h; path = CardAppViewController.h; sourceTree = "<group>"; };
		6EA3B28617CE38E600E1A5C1 /* CardAppViewController.m */ = {isa = PBXFileReference; lastKnownFileType = sourcecode.c.objc; path = CardAppViewController.m; sourceTree = "<group>"; };
/* End PBXFileReference section */

/* Begin PBXFrameworksBuildPhase section */
		6EA3B26417CE38E600E1A5C1 /* Frameworks */ = {
			isa = PBXFrameworksBuildPhase;
			buildActionMask = 2147483647;
			files = (
				6EA3B26B17CE38E600E1A5C1 /* UIKit.framework in Frameworks */,
				6EA3B26D17CE38E600E1A5C1 /* Foundation.framework in Frameworks */,
				6EA3B26F17CE38E600E1A5C1 /* CoreGraphics.framework in Frameworks */,
			);
			runOnlyForDeploymentPostprocessing = 0;
		};
/* End PBXFrameworksBuildPhase section */

/* Begin PBXGroup section */
		6EA3B25E17CE38E600E1A5C1 = {
			isa = PBXGroup;
			children = (
				6EA3B27017CE38E600E1A5C1 /* CardApp */,
				6EA3B26917CE38E600E1A5C1 /* Frameworks */,
				6EA3B26817CE38E600E1A5C1 /* Products */,
			);
			sourceTree = "<group>";
		};
		6EA3B26817CE38E600E1A5C1 /* Products */ = {
			isa = PBXGroup;
			children = (
				6EA3B26717CE38E600E1A5C1 /* CardApp.app */,
			);
			name = Products;
			sourceTree = "<group>";
		};
		6EA3B26917CE38E600E1A5C1 /* Frameworks */ = {
			isa = PBXGroup;
			children = (
				6EA3B26A17CE38E600E1A5C1 /* UIKit.framework */,
				6EA3B26C17CE38E600E1A5C1 /* Foundation.framework */,
				6EA3B26E17CE38E600E1A5C1 /* CoreGraphics.framework */,
			);
			name = Frameworks;
			sourceTree = "<group>";
		};
		6EA3B27017CE38E600E1A5C1 /* CardApp */ = {
			isa = PBXGroup;
			children = (
				6EA3B27917CE38E600E1A5C1 /* CardAppAppDelegate.h */,
				6EA3B27A17CE38E600E1A5C1 /* CardAppAppDelegate.m */,
				6EA3B28217CE38E600E1A5C1 /* MainStoryboard.storyboard */,
				6EA3B28517CE38E600E1A5C1 /* CardAppViewController.h */,
				6EA3B28617CE38E600E1A5C1 /* CardAppViewController.m */,
				6EA3B27117CE38E600E1A5C1 /* Supporting Files */,
			);
			path = CardApp;
			sourceTree = "<group>";
		};
		6EA3B27117CE38E600E1A5C1 /* Supporting Files */ = {
			isa = PBXGroup;
			children = (
				6EA3B27217CE38E600E1A5C1 /* CardApp-Info.plist */,
				6EA3B27317CE38E600E1A5C1 /* InfoPlist.strings */,
				6EA3B27617CE38E600E1A5C1 /* main.m */,
				6EA3B27817CE38E600E1A5C1 /* CardApp-Prefix.pch */,
				6EA3B27C17CE38E600E1A5C1 /* Default.png */,
				6EA3B27E17CE38E600E1A5C1 /* Default@2x.png */,
				6EA3B28017CE38E600E1A5C1 /* Default-568h@2x.png */,
			);
			name = "Supporting Files";
			sourceTree = "<group>";
		};
/* End PBXGroup section */

/* Begin PBXNativeTarget section */
		6EA3B26617CE38E600E1A5C1 /* CardApp */ = {
			isa = PBXNativeTarget;
			buildConfigurationList = 6EA3B28A17CE38E600E1A5C1 /* Build configuration list for PBXNativeTarget "CardApp" */;
			buildPhases = (
				6EA3B26317CE38E600E1A5C1 /* Sources */,
				6EA3B26417CE38E600E1A5C1 /* Frameworks */,
				6EA3B26517CE38E600E1A5C1 /* Resources */,
			);
			buildRules = (
			);
			dependencies = (
			);
			name = CardApp;
			productName = CardApp;
			productReference = 6EA3B26717CE38E600E1A5C1 /* CardApp.app */;
			productType = "com.apple.product-type.application";
		};
/* End PBXNativeTarget section */

/* Begin PBXProject section */
		6EA3B25F17CE38E600E1A5C1 /* Project object */ = {
			isa = PBXProject;
			attributes = {
				CLASSPREFIX = CardApp;
				LastUpgradeCheck = 0460;
				ORGANIZATIONNAME = "Pablo Dimenza";
			};
			buildConfigurationList = 6EA3B26217CE38E600E1A5C1 /* Build configuration list for PBXProject "CardApp" */;
			compatibilityVersion = "Xcode 3.2";
			developmentRegion = English;
			hasScannedForEncodings = 0;
			knownRegions = (
				en,
			);
			mainGroup = 6EA3B25E17CE38E600E1A5C1;
			productRefGroup = 6EA3B26817CE38E600E1A5C1 /* Products */;
			projectDirPath = "";
			projectRoot = "";
			targets = (
				6EA3B26617CE38E600E1A5C1 /* CardApp */,
			);
		};
/* End PBXProject section */

/* Begin PBXResourcesBuildPhase section */
		6EA3B26517CE38E600E1A5C1 /* Resources */ = {
			isa = PBXResourcesBuildPhase;
			buildActionMask = 2147483647;
			files = (
				6EA3B27517CE38E600E1A5C1 /* InfoPlist.strings in Resources */,
				6EA3B27D17CE38E600E1A5C1 /* Default.png in Resources */,
				6EA3B27F17CE38E600E1A5C1 /* Default@2x.png in Resources */,
				6EA3B28117CE38E600E1A5C1 /* Default-568h@2x.png in Resources */,
				6EA3B28417CE38E600E1A5C1 /* MainStoryboard.storyboard in Resources */,
			);
			runOnlyForDeploymentPostprocessing = 0;
		};
/* End PBXResourcesBuildPhase section */

/* Begin PBXSourcesBuildPhase section */
		6EA3B26317CE38E600E1A5C1 /* Sources */ = {
			isa = PBXSourcesBuildPhase;
			buildActionMask = 2147483647;
			files = (
				6EA3B27717CE38E600E1A5C1 /* main.m in Sources */,
				6EA3B27B17CE38E600E1A5C1 /* CardAppAppDelegate.m in Sources */,
				6EA3B28717CE38E600E1A5C1 /* CardAppViewController.m in Sources */,
			);
			runOnlyForDeploymentPostprocessing = 0;
		};
/* End PBXSourcesBuildPhase section */

/* Begin PBXVariantGroup section */
		6EA3B27317CE38E600E1A5C1 /* InfoPlist.strings */ = {
			isa = PBXVariantGroup;
			children = (
				6EA3B27417CE38E600E1A5C1 /* en */,
			);
			name = InfoPlist.strings;
			sourceTree = "<group>";
		};
		6EA3B28217CE38E600E1A5C1 /* MainStoryboard.storyboard */ = {
			isa = PBXVariantGroup;
			children = (
				6EA3B28317CE38E600E1A5C1 /* en */,
			);
			name = MainStoryboard.storyboard;
			sourceTree = "<group>";
		};
/* End PBXVariantGroup section */

/* Begin XCBuildConfiguration section */
		6EA3B28817CE38E600E1A5C1 /* Debug */ = {
			isa = XCBuildConfiguration;
			buildSettings = {
				ALWAYS_SEARCH_USER_PATHS = NO;
				CLANG_CXX_LANGUAGE_STANDARD = "gnu++0x";
				CLANG_CXX_LIBRARY = "libc++";
				CLANG_ENABLE_OBJC_ARC = YES;
				CLANG_WARN_CONSTANT_CONVERSION = YES;
				CLANG_WARN_EMPTY_BODY = YES;
				CLANG_WARN_ENUM_CONVERSION = YES;
				CLANG_WARN_INT_CONVERSION = YES;
				CLANG_WARN__DUPLICATE_METHOD_MATCH = YES;
				"CODE_SIGN_IDENTITY[sdk=iphoneos*]" = "iPhone Developer";
				COPY_PHASE_STRIP = NO;
				GCC_C_LANGUAGE_STANDARD = gnu99;
				GCC_DYNAMIC_NO_PIC = NO;
				GCC_OPTIMIZATION_LEVEL = 0;
				GCC_PREPROCESSOR_DEFINITIONS = (
					"DEBUG=1",
					"$(inherited)",
				);
				GCC_SYMBOLS_PRIVATE_EXTERN = NO;
				GCC_WARN_ABOUT_RETURN_TYPE = YES;
				GCC_WARN_UNINITIALIZED_AUTOS = YES;
				GCC_WARN_UNUSED_VARIABLE = YES;
				IPHONEOS_DEPLOYMENT_TARGET = 6.1;
				ONLY_ACTIVE_ARCH = YES;
				SDKROOT = iphoneos;
			};
			name = Debug;
		};
		6EA3B28917CE38E600E1A5C1 /* Release */ = {
			isa = XCBuildConfiguration;
			buildSettings = {
				ALWAYS_SEARCH_USER_PATHS = NO;
				CLANG_CXX_LANGUAGE_STANDARD = "gnu++0x";
				CLANG_CXX_LIBRARY = "libc++";
				CLANG_ENABLE_OBJC_ARC = YES;
				CLANG_WARN_CONSTANT_CONVERSION = YES;
				CLANG_WARN_EMPTY_BODY = YES;
				CLANG_WARN_ENUM_CONVERSION = YES;
				CLANG_WARN_INT_CONVERSION = YES;
				CLANG_WARN__DUPLICATE_METHOD_MATCH = YES;
				"CODE_SIGN_IDENTITY[sdk=iphoneos*]" = "iPhone Developer";
				COPY_PHASE_STRIP = YES;
				GCC_C_LANGUAGE_STANDARD = gnu99;
				GCC_WARN_ABOUT_RETURN_TYPE = YES;
				GCC_WARN_UNINITIALIZED_AUTOS = YES;
				GCC_WARN_UNUSED_VARIABLE = YES;
				IPHONEOS_DEPLOYMENT_TARGET = 6.1;
				OTHER_CFLAGS = "-DNS_BLOCK_ASSERTIONS=1";
				SDKROOT = iphoneos;
				VALIDATE_PRODUCT = YES;
			};
			name = Release;
		};
		6EA3B28B17CE38E600E1A5C1 /* Debug */ = {
			isa = XCBuildConfiguration;
			buildSettings = {
				GCC_PRECOMPILE_PREFIX_HEADER = YES;
				GCC_PREFIX_HEADER = "CardApp/CardApp-Prefix.pch";
				INFOPLIST_FILE = "CardApp/CardApp-Info.plist";
				PRODUCT_NAME = "$(TARGET_NAME)";
				WRAPPER_EXTENSION = app;
			};
			name = Debug;
		};
		6EA3B28C17CE38E600E1A5C1 /* Release */ = {
			isa = XCBuildConfiguration;
			buildSettings = {
				GCC_PRECOMPILE_PREFIX_HEADER = YES;
				GCC_PREFIX_HEADER = "CardApp/CardApp-Prefix.pch";
				INFOPLIST_FILE = "CardApp/CardApp-Info.plist";
				PRODUCT_NAME = "$(TARGET_NAME)";
				WRAPPER_EXTENSION = app;
			};
			name = Release;
		};
/* End XCBuildConfiguration section */

/* Begin XCConfigurationList section */
		6EA3B26217CE38E600E1A5C1 /* Build configuration list for PBXProject "CardApp" */ = {
			isa = XCConfigurationList;
			buildConfigurations = (
				6EA3B28817CE38E600E1A5C1 /* Debug */,
				6EA3B28917CE38E600E1A5C1 /* Release */,
			);
			defaultConfigurationIsVisible = 0;
			defaultConfigurationName = Release;
		};
		6EA3B28A17CE38E600E1A5C1 /* Build configuration list for PBXNativeTarget "CardApp" */ = {
			isa = XCConfigurationList;
			buildConfigurations = (
				6EA3B28B17CE38E600E1A5C1 /* Debug */,
				6EA3B28C17CE38E600E1A5C1 /* Release */,
			);
			defaultConfigurationIsVisible = 0;
		};
/* End XCConfigurationList section */
	};
	rootObject = 6EA3B25F17CE38E600E1A5C1 /* Project object */;
}
